
Microsoft Visual Studio Solution File, Format Version 10.00
# Visual Studio 2008
Project("{8BC9CEB8-8B4A-11D0-8D11-00A0C91BC942}") = "ObjectViewer", "ObjectViewer.vcproj", "{03AE4539-4AAD-417E-99ED-9FCD9FE96F08}"
EndProject
Global
	GlobalSection(SolutionConfigurationPlatforms) = preSolution
		Debug|Win32 = Debug|Win32
		Release|Win32 = Release|Win32
	EndGlobalSection
	GlobalSection(ProjectConfigurationPlatforms) = postSolution
		{03AE4539-4AAD-417E-99ED-9FCD9FE96F08}.Debug|Win32.ActiveCfg = Debug|Win32
		{03AE4539-4AAD-417E-99ED-9FCD9FE96F08}.Debug|Win32.Build.0 = Debug|Win32
		{03AE4539-4AAD-417E-99ED-9FCD9FE96F08}.Release|Win32.ActiveCfg = Release|Win32
		{03AE4539-4AAD-417E-99ED-9FCD9FE96F08}.Release|Win32.Build.0 = Release|Win32
	EndGlobalSection
	GlobalSection(SolutionProperties) = preSolution
		HideSolutionNode = FALSE
	EndGlobalSection
EndGlobal
